
Microsoft Visual Studio Solution File, Format Version 12.00
# Visual Studio 15
VisualStudioVersion = 15.0.28307.168
MinimumVisualStudioVersion = 10.0.40219.1
Project("{FAE04EC0-301F-11D3-BF4B-00C04F79EFBC}") = "VertMarketConsoleApp", "VertMarketConsoleApp\VertMarketConsoleApp.csproj", "{E3638D4C-8DF1-407E-AE0C-F10B5A390E4B}"
EndProject
Project("{FAE04EC0-301F-11D3-BF4B-00C04F79EFBC}") = "VertMarket.BusinessLayer", "VertMarkers.BusinessLayer\VertMarket.BusinessLayer.csproj", "{478C0E8F-51D7-4FD1-980F-7A61579A7D59}"
EndProject
Global
	GlobalSection(SolutionConfigurationPlatforms) = preSolution
		Debug|Any CPU = Debug|Any CPU
		Release|Any CPU = Release|Any CPU
	EndGlobalSection
	GlobalSection(ProjectConfigurationPlatforms) = postSolution
		{E3638D4C-8DF1-407E-AE0C-F10B5A390E4B}.Debug|Any CPU.ActiveCfg = Debug|Any CPU
		{E3638D4C-8DF1-407E-AE0C-F10B5A390E4B}.Debug|Any CPU.Build.0 = Debug|Any CPU
		{E3638D4C-8DF1-407E-AE0C-F10B5A390E4B}.Release|Any CPU.ActiveCfg = Release|Any CPU
		{E3638D4C-8DF1-407E-AE0C-F10B5A390E4B}.Release|Any CPU.Build.0 = Release|Any CPU
		{478C0E8F-51D7-4FD1-980F-7A61579A7D59}.Debug|Any CPU.ActiveCfg = Debug|Any CPU
		{478C0E8F-51D7-4FD1-980F-7A61579A7D59}.Debug|Any CPU.Build.0 = Debug|Any CPU
		{478C0E8F-51D7-4FD1-980F-7A61579A7D59}.Release|Any CPU.ActiveCfg = Release|Any CPU
		{478C0E8F-51D7-4FD1-980F-7A61579A7D59}.Release|Any CPU.Build.0 = Release|Any CPU
	EndGlobalSection
	GlobalSection(SolutionProperties) = preSolution
		HideSolutionNode = FALSE
	EndGlobalSection
	GlobalSection(ExtensibilityGlobals) = postSolution
		SolutionGuid = {19F04585-A3AA-458A-A22C-CB79FB51ABC3}
	EndGlobalSection
EndGlobal
